// !$*UTF8*$!
{
	archiveVersion = 1;
	classes = {
	};
	objectVersion = 46;
	objects = {

/* Begin PBXBuildFile section */
		A348043D1EBA97D0003C6AB1 /* QuestionViewController.swift in Sources */ = {isa = PBXBuildFile; fileRef = A348043C1EBA97D0003C6AB1 /* QuestionViewController.swift */; };
		A348043F1EBA990E003C6AB1 /* QuestionTextView.swift in Sources */ = {isa = PBXBuildFile; fileRef = A348043E1EBA990E003C6AB1 /* QuestionTextView.swift */; };
		A37A51A61EA03570008BF254 /* AppDelegate.swift in Sources */ = {isa = PBXBuildFile; fileRef = A37A51A51EA03570008BF254 /* AppDelegate.swift */; };
		A37A51A81EA03570008BF254 /* ViewController.swift in Sources */ = {isa = PBXBuildFile; fileRef = A37A51A71EA03570008BF254 /* ViewController.swift */; };
		A37A51AB1EA03570008BF254 /* Main.storyboard in Resources */ = {isa = PBXBuildFile; fileRef = A37A51A91EA03570008BF254 /* Main.storyboard */; };
		A37A51AD1EA03570008BF254 /* Assets.xcassets in Resources */ = {isa = PBXBuildFile; fileRef = A37A51AC1EA03570008BF254 /* Assets.xcassets */; };
		A37A51B01EA03570008BF254 /* LaunchScreen.storyboard in Resources */ = {isa = PBXBuildFile; fileRef = A37A51AE1EA03570008BF254 /* LaunchScreen.storyboard */; };
		A37A51BB1EA03570008BF254 /* gwc_testTests.swift in Sources */ = {isa = PBXBuildFile; fileRef = A37A51BA1EA03570008BF254 /* gwc_testTests.swift */; };
		A37A51C61EA03570008BF254 /* gwc_testUITests.swift in Sources */ = {isa = PBXBuildFile; fileRef = A37A51C51EA03570008BF254 /* gwc_testUITests.swift */; };
/* End PBXBuildFile section */

/* Begin PBXContainerItemProxy section */
		A37A51B71EA03570008BF254 /* PBXContainerItemProxy */ = {
			isa = PBXContainerItemProxy;
			containerPortal = A37A519A1EA03570008BF254 /* Project object */;
			proxyType = 1;
			remoteGlobalIDString = A37A51A11EA03570008BF254;
			remoteInfo = gwc_test;
		};
		A37A51C21EA03570008BF254 /* PBXContainerItemProxy */ = {
			isa = PBXContainerItemProxy;
			containerPortal = A37A519A1EA03570008BF254 /* Project object */;
			proxyType = 1;
			remoteGlobalIDString = A37A51A11EA03570008BF254;
			remoteInfo = gwc_test;
		};
/* End PBXContainerItemProxy section */

/* Begin PBXFileReference section */
		A348043C1EBA97D0003C6AB1 /* QuestionViewController.swift */ = {isa = PBXFileReference; fileEncoding = 4; lastKnownFileType = sourcecode.swift; path = QuestionViewController.swift; sourceTree = "<group>"; };
		A348043E1EBA990E003C6AB1 /* QuestionTextView.swift */ = {isa = PBXFileReference; fileEncoding = 4; lastKnownFileType = sourcecode.swift; path = QuestionTextView.swift; sourceTree = "<group>"; };
		A37A51A21EA03570008BF254 /* gwc_test.app */ = {isa = PBXFileReference; explicitFileType = wrapper.application; includeInIndex = 0; path = gwc_test.app; sourceTree = BUILT_PRODUCTS_DIR; };
		A37A51A51EA03570008BF254 /* AppDelegate.swift */ = {isa = PBXFileReference; lastKnownFileType = sourcecode.swift; path = AppDelegate.swift; sourceTree = "<group>"; };
		A37A51A71EA03570008BF254 /* ViewController.swift */ = {isa = PBXFileReference; lastKnownFileType = sourcecode.swift; path = ViewController.swift; sourceTree = "<group>"; };
		A37A51AA1EA03570008BF254 /* Base */ = {isa = PBXFileReference; lastKnownFileType = file.storyboard; name = Base; path = Base.lproj/Main.storyboard; sourceTree = "<group>"; };
		A37A51AC1EA03570008BF254 /* Assets.xcassets */ = {isa = PBXFileReference; lastKnownFileType = folder.assetcatalog; path = Assets.xcassets; sourceTree = "<group>"; };
		A37A51AF1EA03570008BF254 /* Base */ = {isa = PBXFileReference; lastKnownFileType = file.storyboard; name = Base; path = Base.lproj/LaunchScreen.storyboard; sourceTree = "<group>"; };
		A37A51B11EA03570008BF254 /* Info.plist */ = {isa = PBXFileReference; lastKnownFileType = text.plist.xml; path = Info.plist; sourceTree = "<group>"; };
		A37A51B61EA03570008BF254 /* gwc_testTests.xctest */ = {isa = PBXFileReference; explicitFileType = wrapper.cfbundle; includeInIndex = 0; path = gwc_testTests.xctest; sourceTree = BUILT_PRODUCTS_DIR; };
		A37A51BA1EA03570008BF254 /* gwc_testTests.swift */ = {isa = PBXFileReference; lastKnownFileType = sourcecode.swift; path = gwc_testTests.swift; sourceTree = "<group>"; };
		A37A51BC1EA03570008BF254 /* Info.plist */ = {isa = PBXFileReference; lastKnownFileType = text.plist.xml; path = Info.plist; sourceTree = "<group>"; };
		A37A51C11EA03570008BF254 /* gwc_testUITests.xctest */ = {isa = PBXFileReference; explicitFileType = wrapper.cfbundle; includeInIndex = 0; path = gwc_testUITests.xctest; sourceTree = BUILT_PRODUCTS_DIR; };
		A37A51C51EA03570008BF254 /* gwc_testUITests.swift */ = {isa = PBXFileReference; lastKnownFileType = sourcecode.swift; path = gwc_testUITests.swift; sourceTree = "<group>"; };
		A37A51C71EA03570008BF254 /* Info.plist */ = {isa = PBXFileReference; lastKnownFileType = text.plist.xml; path = Info.plist; sourceTree = "<group>"; };
/* End PBXFileReference section */

/* Begin PBXFrameworksBuildPhase section */
		A37A519F1EA03570008BF254 /* Frameworks */ = {
			isa = PBXFrameworksBuildPhase;
			buildActionMask = 2147483647;
			files = (
			);
			runOnlyForDeploymentPostprocessing = 0;
		};
		A37A51B31EA03570008BF254 /* Frameworks */ = {
			isa = PBXFrameworksBuildPhase;
			buildActionMask = 2147483647;
			files = (
			);
			runOnlyForDeploymentPostprocessing = 0;
		};
		A37A51BE1EA03570008BF254 /* Frameworks */ = {
			isa = PBXFrameworksBuildPhase;
			buildActionMask = 2147483647;
			files = (
			);
			runOnlyForDeploymentPostprocessing = 0;
		};
/* End PBXFrameworksBuildPhase section */

/* Begin PBXGroup section */
		A37A51991EA03570008BF254 = {
			isa = PBXGroup;
			children = (
				A37A51A41EA03570008BF254 /* gwc_test */,
				A37A51B91EA03570008BF254 /* gwc_testTests */,
				A37A51C41EA03570008BF254 /* gwc_testUITests */,
				A37A51A31EA03570008BF254 /* Products */,
			);
			sourceTree = "<group>";
		};
		A37A51A31EA03570008BF254 /* Products */ = {
			isa = PBXGroup;
			children = (
				A37A51A21EA03570008BF254 /* gwc_test.app */,
				A37A51B61EA03570008BF254 /* gwc_testTests.xctest */,
				A37A51C11EA03570008BF254 /* gwc_testUITests.xctest */,
			);
			name = Products;
			sourceTree = "<group>";
		};
		A37A51A41EA03570008BF254 /* gwc_test */ = {
			isa = PBXGroup;
			children = (
				A37A51A51EA03570008BF254 /* AppDelegate.swift */,
				A37A51A71EA03570008BF254 /* ViewController.swift */,
				A37A51A91EA03570008BF254 /* Main.storyboard */,
				A348043E1EBA990E003C6AB1 /* QuestionTextView.swift */,
				A348043C1EBA97D0003C6AB1 /* QuestionViewController.swift */,
				A37A51AC1EA03570008BF254 /* Assets.xcassets */,
				A37A51AE1EA03570008BF254 /* LaunchScreen.storyboard */,
				A37A51B11EA03570008BF254 /* Info.plist */,
			);
			path = gwc_test;
			sourceTree = "<group>";
		};
		A37A51B91EA03570008BF254 /* gwc_testTests */ = {
			isa = PBXGroup;
			children = (
				A37A51BA1EA03570008BF254 /* gwc_testTests.swift */,
				A37A51BC1EA03570008BF254 /* Info.plist */,
			);
			path = gwc_testTests;
			sourceTree = "<group>";
		};
		A37A51C41EA03570008BF254 /* gwc_testUITests */ = {
			isa = PBXGroup;
			children = (
				A37A51C51EA03570008BF254 /* gwc_testUITests.swift */,
				A37A51C71EA03570008BF254 /* Info.plist */,
			);
			path = gwc_testUITests;
			sourceTree = "<group>";
		};
/* End PBXGroup section */

/* Begin PBXNativeTarget section */
		A37A51A11EA03570008BF254 /* gwc_test */ = {
			isa = PBXNativeTarget;
			buildConfigurationList = A37A51CA1EA03570008BF254 /* Build configuration list for PBXNativeTarget "gwc_test" */;
			buildPhases = (
				A37A519E1EA03570008BF254 /* Sources */,
				A37A519F1EA03570008BF254 /* Frameworks */,
				A37A51A01EA03570008BF254 /* Resources */,
			);
			buildRules = (
			);
			dependencies = (
			);
			name = gwc_test;
			productName = gwc_test;
			productReference = A37A51A21EA03570008BF254 /* gwc_test.app */;
			productType = "com.apple.product-type.application";
		};
		A37A51B51EA03570008BF254 /* gwc_testTests */ = {
			isa = PBXNativeTarget;
			buildConfigurationList = A37A51CD1EA03570008BF254 /* Build configuration list for PBXNativeTarget "gwc_testTests" */;
			buildPhases = (
				A37A51B21EA03570008BF254 /* Sources */,
				A37A51B31EA03570008BF254 /* Frameworks */,
				A37A51B41EA03570008BF254 /* Resources */,
			);
			buildRules = (
			);
			dependencies = (
				A37A51B81EA03570008BF254 /* PBXTargetDependency */,
			);
			name = gwc_testTests;
			productName = gwc_testTests;
			productReference = A37A51B61EA03570008BF254 /* gwc_testTests.xctest */;
			productType = "com.apple.product-type.bundle.unit-test";
		};
		A37A51C01EA03570008BF254 /* gwc_testUITests */ = {
			isa = PBXNativeTarget;
			buildConfigurationList = A37A51D01EA03570008BF254 /* Build configuration list for PBXNativeTarget "gwc_testUITests" */;
			buildPhases = (
				A37A51BD1EA03570008BF254 /* Sources */,
				A37A51BE1EA03570008BF254 /* Frameworks */,
				A37A51BF1EA03570008BF254 /* Resources */,
			);
			buildRules = (
			);
			dependencies = (
				A37A51C31EA03570008BF254 /* PBXTargetDependency */,
			);
			name = gwc_testUITests;
			productName = gwc_testUITests;
			productReference = A37A51C11EA03570008BF254 /* gwc_testUITests.xctest */;
			productType = "com.apple.product-type.bundle.ui-testing";
		};
/* End PBXNativeTarget section */

/* Begin PBXProject section */
		A37A519A1EA03570008BF254 /* Project object */ = {
			isa = PBXProject;
			attributes = {
				LastSwiftUpdateCheck = 0830;
				LastUpgradeCheck = 0830;
				ORGANIZATIONNAME = "Emily Bailey";
				TargetAttributes = {
					A37A51A11EA03570008BF254 = {
						CreatedOnToolsVersion = 8.3;
						ProvisioningStyle = Automatic;
					};
					A37A51B51EA03570008BF254 = {
						CreatedOnToolsVersion = 8.3;
						ProvisioningStyle = Automatic;
						TestTargetID = A37A51A11EA03570008BF254;
					};
					A37A51C01EA03570008BF254 = {
						CreatedOnToolsVersion = 8.3;
						ProvisioningStyle = Automatic;
						TestTargetID = A37A51A11EA03570008BF254;
					};
				};
			};
			buildConfigurationList = A37A519D1EA03570008BF254 /* Build configuration list for PBXProject "gwc_test" */;
			compatibilityVersion = "Xcode 3.2";
			developmentRegion = English;
			hasScannedForEncodings = 0;
			knownRegions = (
				en,
				Base,
			);
			mainGroup = A37A51991EA03570008BF254;
			productRefGroup = A37A51A31EA03570008BF254 /* Products */;
			projectDirPath = "";
			projectRoot = "";
			targets = (
				A37A51A11EA03570008BF254 /* gwc_test */,
				A37A51B51EA03570008BF254 /* gwc_testTests */,
				A37A51C01EA03570008BF254 /* gwc_testUITests */,
			);
		};
/* End PBXProject section */

/* Begin PBXResourcesBuildPhase section */
		A37A51A01EA03570008BF254 /* Resources */ = {
			isa = PBXResourcesBuildPhase;
			buildActionMask = 2147483647;
			files = (
				A37A51B01EA03570008BF254 /* LaunchScreen.storyboard in Resources */,
				A37A51AD1EA03570008BF254 /* Assets.xcassets in Resources */,
				A37A51AB1EA03570008BF254 /* Main.storyboard in Resources */,
			);
			runOnlyForDeploymentPostprocessing = 0;
		};
		A37A51B41EA03570008BF254 /* Resources */ = {
			isa = PBXResourcesBuildPhase;
			buildActionMask = 2147483647;
			files = (
			);
			runOnlyForDeploymentPostprocessing = 0;
		};
		A37A51BF1EA03570008BF254 /* Resources */ = {
			isa = PBXResourcesBuildPhase;
			buildActionMask = 2147483647;
			files = (
			);
			runOnlyForDeploymentPostprocessing = 0;
		};
/* End PBXResourcesBuildPhase section */

/* Begin PBXSourcesBuildPhase section */
		A37A519E1EA03570008BF254 /* Sources */ = {
			isa = PBXSourcesBuildPhase;
			buildActionMask = 2147483647;
			files = (
				A37A51A81EA03570008BF254 /* ViewController.swift in Sources */,
				A348043F1EBA990E003C6AB1 /* QuestionTextView.swift in Sources */,
				A37A51A61EA03570008BF254 /* AppDelegate.swift in Sources */,
				A348043D1EBA97D0003C6AB1 /* QuestionViewController.swift in Sources */,
			);
			runOnlyForDeploymentPostprocessing = 0;
		};
		A37A51B21EA03570008BF254 /* Sources */ = {
			isa = PBXSourcesBuildPhase;
			buildActionMask = 2147483647;
			files = (
				A37A51BB1EA03570008BF254 /* gwc_testTests.swift in Sources */,
			);
			runOnlyForDeploymentPostprocessing = 0;
		};
		A37A51BD1EA03570008BF254 /* Sources */ = {
			isa = PBXSourcesBuildPhase;
			buildActionMask = 2147483647;
			files = (
				A37A51C61EA03570008BF254 /* gwc_testUITests.swift in Sources */,
			);
			runOnlyForDeploymentPostprocessing = 0;
		};
/* End PBXSourcesBuildPhase section */

/* Begin PBXTargetDependency section */
		A37A51B81EA03570008BF254 /* PBXTargetDependency */ = {
			isa = PBXTargetDependency;
			target = A37A51A11EA03570008BF254 /* gwc_test */;
			targetProxy = A37A51B71EA03570008BF254 /* PBXContainerItemProxy */;
		};
		A37A51C31EA03570008BF254 /* PBXTargetDependency */ = {
			isa = PBXTargetDependency;
			target = A37A51A11EA03570008BF254 /* gwc_test */;
			targetProxy = A37A51C21EA03570008BF254 /* PBXContainerItemProxy */;
		};
/* End PBXTargetDependency section */

/* Begin PBXVariantGroup section */
		A37A51A91EA03570008BF254 /* Main.storyboard */ = {
			isa = PBXVariantGroup;
			children = (
				A37A51AA1EA03570008BF254 /* Base */,
			);
			name = Main.storyboard;
			sourceTree = "<group>";
		};
		A37A51AE1EA03570008BF254 /* LaunchScreen.storyboard */ = {
			isa = PBXVariantGroup;
			children = (
				A37A51AF1EA03570008BF254 /* Base */,
			);
			name = LaunchScreen.storyboard;
			sourceTree = "<group>";
		};
/* End PBXVariantGroup section */

/* Begin XCBuildConfiguration section */
		A37A51C81EA03570008BF254 /* Debug */ = {
			isa = XCBuildConfiguration;
			buildSettings = {
				ALWAYS_SEARCH_USER_PATHS = NO;
				CLANG_ANALYZER_NONNULL = YES;
				CLANG_ANALYZER_NUMBER_OBJECT_CONVERSION = YES_AGGRESSIVE;
				CLANG_CXX_LANGUAGE_STANDARD = "gnu++0x";
				CLANG_CXX_LIBRARY = "libc++";
				CLANG_ENABLE_MODULES = YES;
				CLANG_ENABLE_OBJC_ARC = YES;
				CLANG_WARN_BOOL_CONVERSION = YES;
				CLANG_WARN_CONSTANT_CONVERSION = YES;
				CLANG_WARN_DIRECT_OBJC_ISA_USAGE = YES_ERROR;
				CLANG_WARN_DOCUMENTATION_COMMENTS = YES;
				CLANG_WARN_EMPTY_BODY = YES;
				CLANG_WARN_ENUM_CONVERSION = YES;
				CLANG_WARN_INFINITE_RECURSION = YES;
				CLANG_WARN_INT_CONVERSION = YES;
				CLANG_WARN_OBJC_ROOT_CLASS = YES_ERROR;
				CLANG_WARN_SUSPICIOUS_MOVE = YES;
				CLANG_WARN_UNREACHABLE_CODE = YES;
				CLANG_WARN__DUPLICATE_METHOD_MATCH = YES;
				"CODE_SIGN_IDENTITY[sdk=iphoneos*]" = "iPhone Developer";
				COPY_PHASE_STRIP = NO;
				DEBUG_INFORMATION_FORMAT = dwarf;
				ENABLE_STRICT_OBJC_MSGSEND = YES;
				ENABLE_TESTABILITY = YES;
				GCC_C_LANGUAGE_STANDARD = gnu99;
				GCC_DYNAMIC_NO_PIC = NO;
				GCC_NO_COMMON_BLOCKS = YES;
				GCC_OPTIMIZATION_LEVEL = 0;
				GCC_PREPROCESSOR_DEFINITIONS = (
					"DEBUG=1",
					"$(inherited)",
				);
				GCC_WARN_64_TO_32_BIT_CONVERSION = YES;
				GCC_WARN_ABOUT_RETURN_TYPE = YES_ERROR;
				GCC_WARN_UNDECLARED_SELECTOR = YES;
				GCC_WARN_UNINITIALIZED_AUTOS = YES_AGGRESSIVE;
				GCC_WARN_UNUSED_FUNCTION = YES;
				GCC_WARN_UNUSED_VARIABLE = YES;
				IPHONEOS_DEPLOYMENT_TARGET = 10.3;
				MTL_ENABLE_DEBUG_INFO = YES;
				ONLY_ACTIVE_ARCH = YES;
				SDKROOT = iphoneos;
				SWIFT_ACTIVE_COMPILATION_CONDITIONS = DEBUG;
				SWIFT_OPTIMIZATION_LEVEL = "-Onone";
				TARGETED_DEVICE_FAMILY = "1,2";
			};
			name = Debug;
		};
		A37A51C91EA03570008BF254 /* Release */ = {
			isa = XCBuildConfiguration;
			buildSettings = {
				ALWAYS_SEARCH_USER_PATHS = NO;
				CLANG_ANALYZER_NONNULL = YES;
				CLANG_ANALYZER_NUMBER_OBJECT_CONVERSION = YES_AGGRESSIVE;
				CLANG_CXX_LANGUAGE_STANDARD = "gnu++0x";
				CLANG_CXX_LIBRARY = "libc++";
				CLANG_ENABLE_MODULES = YES;
				CLANG_ENABLE_OBJC_ARC = YES;
				CLANG_WARN_BOOL_CONVERSION = YES;
				CLANG_WARN_CONSTANT_CONVERSION = YES;
				CLANG_WARN_DIRECT_OBJC_ISA_USAGE = YES_ERROR;
				CLANG_WARN_DOCUMENTATION_COMMENTS = YES;
				CLANG_WARN_EMPTY_BODY = YES;
				CLANG_WARN_ENUM_CONVERSION = YES;
				CLANG_WARN_INFINITE_RECURSION = YES;
				CLANG_WARN_INT_CONVERSION = YES;
				CLANG_WARN_OBJC_ROOT_CLASS = YES_ERROR;
				CLANG_WARN_SUSPICIOUS_MOVE = YES;
				CLANG_WARN_UNREACHABLE_CODE = YES;
				CLANG_WARN__DUPLICATE_METHOD_MATCH = YES;
				"CODE_SIGN_IDENTITY[sdk=iphoneos*]" = "iPhone Developer";
				COPY_PHASE_STRIP = NO;
				DEBUG_INFORMATION_FORMAT = "dwarf-with-dsym";
				ENABLE_NS_ASSERTIONS = NO;
				ENABLE_STRICT_OBJC_MSGSEND = YES;
				GCC_C_LANGUAGE_STANDARD = gnu99;
				GCC_NO_COMMON_BLOCKS = YES;
				GCC_WARN_64_TO_32_BIT_CONVERSION = YES;
				GCC_WARN_ABOUT_RETURN_TYPE = YES_ERROR;
				GCC_WARN_UNDECLARED_SELECTOR = YES;
				GCC_WARN_UNINITIALIZED_AUTOS = YES_AGGRESSIVE;
				GCC_WARN_UNUSED_FUNCTION = YES;
				GCC_WARN_UNUSED_VARIABLE = YES;
				IPHONEOS_DEPLOYMENT_TARGET = 10.3;
				MTL_ENABLE_DEBUG_INFO = NO;
				SDKROOT = iphoneos;
				SWIFT_OPTIMIZATION_LEVEL = "-Owholemodule";
				TARGETED_DEVICE_FAMILY = "1,2";
				VALIDATE_PRODUCT = YES;
			};
			name = Release;
		};
		A37A51CB1EA03570008BF254 /* Debug */ = {
			isa = XCBuildConfiguration;
			buildSettings = {
				ASSETCATALOG_COMPILER_APPICON_NAME = AppIcon;
				INFOPLIST_FILE = gwc_test/Info.plist;
				LD_RUNPATH_SEARCH_PATHS = "$(inherited) @executable_path/Frameworks";
				PRODUCT_BUNDLE_IDENTIFIER = "emilywbailey.gwc-test";
				PRODUCT_NAME = "$(TARGET_NAME)";
				SWIFT_VERSION = 3.0;
			};
			name = Debug;
		};
		A37A51CC1EA03570008BF254 /* Release */ = {
			isa = XCBuildConfiguration;
			buildSettings = {
				ASSETCATALOG_COMPILER_APPICON_NAME = AppIcon;
				INFOPLIST_FILE = gwc_test/Info.plist;
				LD_RUNPATH_SEARCH_PATHS = "$(inherited) @executable_path/Frameworks";
				PRODUCT_BUNDLE_IDENTIFIER = "emilywbailey.gwc-test";
				PRODUCT_NAME = "$(TARGET_NAME)";
				SWIFT_VERSION = 3.0;
			};
			name = Release;
		};
		A37A51CE1EA03570008BF254 /* Debug */ = {
			isa = XCBuildConfiguration;
			buildSettings = {
				ALWAYS_EMBED_SWIFT_STANDARD_LIBRARIES = YES;
				BUNDLE_LOADER = "$(TEST_HOST)";
				INFOPLIST_FILE = gwc_testTests/Info.plist;
				LD_RUNPATH_SEARCH_PATHS = "$(inherited) @executable_path/Frameworks @loader_path/Frameworks";
				PRODUCT_BUNDLE_IDENTIFIER = "emilywbailey.gwc-testTests";
				PRODUCT_NAME = "$(TARGET_NAME)";
				SWIFT_VERSION = 3.0;
				TEST_HOST = "$(BUILT_PRODUCTS_DIR)/gwc_test.app/gwc_test";
			};
			name = Debug;
		};
		A37A51CF1EA03570008BF254 /* Release */ = {
			isa = XCBuildConfiguration;
			buildSettings = {
				ALWAYS_EMBED_SWIFT_STANDARD_LIBRARIES = YES;
				BUNDLE_LOADER = "$(TEST_HOST)";
				INFOPLIST_FILE = gwc_testTests/Info.plist;
				LD_RUNPATH_SEARCH_PATHS = "$(inherited) @executable_path/Frameworks @loader_path/Frameworks";
				PRODUCT_BUNDLE_IDENTIFIER = "emilywbailey.gwc-testTests";
				PRODUCT_NAME = "$(TARGET_NAME)";
				SWIFT_VERSION = 3.0;
				TEST_HOST = "$(BUILT_PRODUCTS_DIR)/gwc_test.app/gwc_test";
			};
			name = Release;
		};
		A37A51D11EA03570008BF254 /* Debug */ = {
			isa = XCBuildConfiguration;
			buildSettings = {
				ALWAYS_EMBED_SWIFT_STANDARD_LIBRARIES = YES;
				INFOPLIST_FILE = gwc_testUITests/Info.plist;
				LD_RUNPATH_SEARCH_PATHS = "$(inherited) @executable_path/Frameworks @loader_path/Frameworks";
				PRODUCT_BUNDLE_IDENTIFIER = "emilywbailey.gwc-testUITests";
				PRODUCT_NAME = "$(TARGET_NAME)";
				SWIFT_VERSION = 3.0;
				TEST_TARGET_NAME = gwc_test;
			};
			name = Debug;
		};
		A37A51D21EA03570008BF254 /* Release */ = {
			isa = XCBuildConfiguration;
			buildSettings = {
				ALWAYS_EMBED_SWIFT_STANDARD_LIBRARIES = YES;
				INFOPLIST_FILE = gwc_testUITests/Info.plist;
				LD_RUNPATH_SEARCH_PATHS = "$(inherited) @executable_path/Frameworks @loader_path/Frameworks";
				PRODUCT_BUNDLE_IDENTIFIER = "emilywbailey.gwc-testUITests";
				PRODUCT_NAME = "$(TARGET_NAME)";
				SWIFT_VERSION = 3.0;
				TEST_TARGET_NAME = gwc_test;
			};
			name = Release;
		};
/* End XCBuildConfiguration section */

/* Begin XCConfigurationList section */
		A37A519D1EA03570008BF254 /* Build configuration list for PBXProject "gwc_test" */ = {
			isa = XCConfigurationList;
			buildConfigurations = (
				A37A51C81EA03570008BF254 /* Debug */,
				A37A51C91EA03570008BF254 /* Release */,
			);
			defaultConfigurationIsVisible = 0;
			defaultConfigurationName = Release;
		};
		A37A51CA1EA03570008BF254 /* Build configuration list for PBXNativeTarget "gwc_test" */ = {
			isa = XCConfigurationList;
			buildConfigurations = (
				A37A51CB1EA03570008BF254 /* Debug */,
				A37A51CC1EA03570008BF254 /* Release */,
			);
			defaultConfigurationIsVisible = 0;
			defaultConfigurationName = Release;
		};
		A37A51CD1EA03570008BF254 /* Build configuration list for PBXNativeTarget "gwc_testTests" */ = {
			isa = XCConfigurationList;
			buildConfigurations = (
				A37A51CE1EA03570008BF254 /* Debug */,
				A37A51CF1EA03570008BF254 /* Release */,
			);
			defaultConfigurationIsVisible = 0;
			defaultConfigurationName = Release;
		};
		A37A51D01EA03570008BF254 /* Build configuration list for PBXNativeTarget "gwc_testUITests" */ = {
			isa = XCConfigurationList;
			buildConfigurations = (
				A37A51D11EA03570008BF254 /* Debug */,
				A37A51D21EA03570008BF254 /* Release */,
			);
			defaultConfigurationIsVisible = 0;
			defaultConfigurationName = Release;
		};
/* End XCConfigurationList section */
	};
	rootObject = A37A519A1EA03570008BF254 /* Project object */;
}
